
Microsoft Visual Studio Solution File, Format Version 12.00
# Visual Studio Version 17
VisualStudioVersion = 17.11.35327.3
MinimumVisualStudioVersion = 10.0.40219.1
Project("{9A19103F-16F7-4668-BE54-9A1E7A4F7556}") = "TrafficGenerator", "TrafficGenerator\TrafficGenerator.csproj", "{F9ACCEB0-6CE8-4E02-BC38-4779F9DAE878}"
EndProject
Project("{FAE04EC0-301F-11D3-BF4B-00C04F79EFBC}") = "TrafficGenerator2", "TrafficGenerator2\TrafficGenerator2.csproj", "{EA4F05DC-D3E2-4FDB-B1DC-B30D89594874}"
EndProject
Global
	GlobalSection(SolutionConfigurationPlatforms) = preSolution
		Debug|Any CPU = Debug|Any CPU
		Release|Any CPU = Release|Any CPU
	EndGlobalSection
	GlobalSection(ProjectConfigurationPlatforms) = postSolution
		{F9ACCEB0-6CE8-4E02-BC38-4779F9DAE878}.Debug|Any CPU.ActiveCfg = Debug|Any CPU
		{F9ACCEB0-6CE8-4E02-BC38-4779F9DAE878}.Debug|Any CPU.Build.0 = Debug|Any CPU
		{F9ACCEB0-6CE8-4E02-BC38-4779F9DAE878}.Release|Any CPU.ActiveCfg = Release|Any CPU
		{F9ACCEB0-6CE8-4E02-BC38-4779F9DAE878}.Release|Any CPU.Build.0 = Release|Any CPU
		{EA4F05DC-D3E2-4FDB-B1DC-B30D89594874}.Debug|Any CPU.ActiveCfg = Debug|Any CPU
		{EA4F05DC-D3E2-4FDB-B1DC-B30D89594874}.Debug|Any CPU.Build.0 = Debug|Any CPU
		{EA4F05DC-D3E2-4FDB-B1DC-B30D89594874}.Release|Any CPU.ActiveCfg = Release|Any CPU
		{EA4F05DC-D3E2-4FDB-B1DC-B30D89594874}.Release|Any CPU.Build.0 = Release|Any CPU
	EndGlobalSection
	GlobalSection(SolutionProperties) = preSolution
		HideSolutionNode = FALSE
	EndGlobalSection
	GlobalSection(ExtensibilityGlobals) = postSolution
		SolutionGuid = {CC2D38F3-BC51-463A-B457-CE9E54D7B72C}
	EndGlobalSection
EndGlobal
